
Microsoft Visual Studio Solution File, Format Version 12.00
# Visual Studio 15
VisualStudioVersion = 15.0.28307.1738
MinimumVisualStudioVersion = 10.0.40219.1
Project("{8BC9CEB8-8B4A-11D0-8D11-00A0C91BC942}") = "숫자세기", "숫자세기\숫자세기.vcxproj", "{F1EB8DC1-2E05-4643-8C7D-33A2811B203C}"
EndProject
Global
	GlobalSection(SolutionConfigurationPlatforms) = preSolution
		Debug|x64 = Debug|x64
		Debug|x86 = Debug|x86
		Release|x64 = Release|x64
		Release|x86 = Release|x86
	EndGlobalSection
	GlobalSection(ProjectConfigurationPlatforms) = postSolution
		{F1EB8DC1-2E05-4643-8C7D-33A2811B203C}.Debug|x64.ActiveCfg = Debug|x64
		{F1EB8DC1-2E05-4643-8C7D-33A2811B203C}.Debug|x64.Build.0 = Debug|x64
		{F1EB8DC1-2E05-4643-8C7D-33A2811B203C}.Debug|x86.ActiveCfg = Debug|Win32
		{F1EB8DC1-2E05-4643-8C7D-33A2811B203C}.Debug|x86.Build.0 = Debug|Win32
		{F1EB8DC1-2E05-4643-8C7D-33A2811B203C}.Release|x64.ActiveCfg = Release|x64
		{F1EB8DC1-2E05-4643-8C7D-33A2811B203C}.Release|x64.Build.0 = Release|x64
		{F1EB8DC1-2E05-4643-8C7D-33A2811B203C}.Release|x86.ActiveCfg = Release|Win32
		{F1EB8DC1-2E05-4643-8C7D-33A2811B203C}.Release|x86.Build.0 = Release|Win32
	EndGlobalSection
	GlobalSection(SolutionProperties) = preSolution
		HideSolutionNode = FALSE
	EndGlobalSection
	GlobalSection(ExtensibilityGlobals) = postSolution
		SolutionGuid = {D9DE1168-C34C-46C9-87B6-144923B7CB0E}
	EndGlobalSection
EndGlobal
